---
lockfileVersion: '9.0'

importers:
  .:
    dependencies:
      '@acme/secret':
        specifier: 1.0.0
        version: 1.0.0
    packageManagerDependencies:
      pnpm:
        specifier: 12.3.4
        version: 12.3.4

packages:
  pnpm@12.3.4:
    resolution: {integrity: sha512-pnpm}
  '@acme/secret@1.0.0':
    resolution: {integrity: sha512-secret}
---
lockfileVersion: '9.0'

importers:
  packages/app:
    dependencies:
      lodash:
        specifier: ^4.17.21
        version: 4.17.21

packages:
  lodash@4.17.21:
    resolution: {integrity: sha512-lodash}
