---
lockfileVersion: '9.0'
importers:
  packages/other:
    dependencies:
      left:
        specifier: 1.0.0
        version: 1.0.0
packages:
  left@1.0.0:
    resolution: {integrity: sha512-left}
---
lockfileVersion: '9.0'
importers:
  .: {}
packages:
  right@1.0.0:
    resolution: {integrity: sha512-right}
