# A broken env document fails the file even when the project document would parse.
---
{ invalid: yaml: [[[
---
lockfileVersion: '9.0'
importers:
  .:
    dependencies:
      react:
        specifier: ^19.0.0
        version: 19.0.0
packages:
  react@19.0.0:
    resolution: {integrity: sha512-react}
