---
lockfileVersion: '9.0'

importers:
  .:
    configDependencies:
      my-plugin:
        specifier: 1.0.0
        version: 1.0.0
    packageManagerDependencies: {}

packages:
  github.com/org/my-plugin@1.0.0:
    resolution: {repo: https://github.com/org/my-plugin, commit: abc123}
  left-pad@1.0.0:
    resolution: {integrity: sha512-left}

snapshots:
  github.com/org/my-plugin@1.0.0:
    dependencies:
      left-pad: 1.0.0
  left-pad@1.0.0: {}
---
lockfileVersion: '9.0'

importers:
  .:
    dependencies:
      react:
        specifier: ^19.0.0
        version: 19.0.0

packages:
  react@19.0.0:
    resolution: {integrity: sha512-react}

snapshots:
  react@19.0.0: {}
