---
lockfileVersion: '9.0'

importers:
  .:
    configDependencies: {}
    packageManagerDependencies:
      pnpm:
        specifier: 12.3.4
        version: 12.3.4

packages:
  pnpm@12.3.4:
    resolution: {integrity: sha512-pnpm}

snapshots:
  pnpm@12.3.4: {}
---
lockfileVersion: '9.0'

settings:
  autoInstallPeers: true
